
Microsoft Visual Studio Solution File, Format Version 12.00
# Visual Studio 2012
Project("{FAE04EC0-301F-11D3-BF4B-00C04F79EFBC}") = "NET4.5.BGS2.AT", "NET4.5.BGS2.AT\NET4.5.BGS2.AT.csproj", "{DED92E2D-DE11-4848-8095-A6379AC8C874}"
EndProject
Project("{FAE04EC0-301F-11D3-BF4B-00C04F79EFBC}") = "Test", "Test\Test.csproj", "{8F2EE43C-5BE4-4EA8-8FB6-244D70F2EF73}"
EndProject
Project("{FAE04EC0-301F-11D3-BF4B-00C04F79EFBC}") = "ForeverCall", "ForeverCall\ForeverCall.csproj", "{BEFD9CE3-E548-4E58-B5DC-51BD0B523A03}"
EndProject
Global
	GlobalSection(SolutionConfigurationPlatforms) = preSolution
		Debug|Any CPU = Debug|Any CPU
		Release|Any CPU = Release|Any CPU
	EndGlobalSection
	GlobalSection(ProjectConfigurationPlatforms) = postSolution
		{DED92E2D-DE11-4848-8095-A6379AC8C874}.Debug|Any CPU.ActiveCfg = Debug|Any CPU
		{DED92E2D-DE11-4848-8095-A6379AC8C874}.Debug|Any CPU.Build.0 = Debug|Any CPU
		{DED92E2D-DE11-4848-8095-A6379AC8C874}.Release|Any CPU.ActiveCfg = Release|Any CPU
		{DED92E2D-DE11-4848-8095-A6379AC8C874}.Release|Any CPU.Build.0 = Release|Any CPU
		{8F2EE43C-5BE4-4EA8-8FB6-244D70F2EF73}.Debug|Any CPU.ActiveCfg = Debug|Any CPU
		{8F2EE43C-5BE4-4EA8-8FB6-244D70F2EF73}.Debug|Any CPU.Build.0 = Debug|Any CPU
		{8F2EE43C-5BE4-4EA8-8FB6-244D70F2EF73}.Release|Any CPU.ActiveCfg = Release|Any CPU
		{8F2EE43C-5BE4-4EA8-8FB6-244D70F2EF73}.Release|Any CPU.Build.0 = Release|Any CPU
		{BEFD9CE3-E548-4E58-B5DC-51BD0B523A03}.Debug|Any CPU.ActiveCfg = Debug|Any CPU
		{BEFD9CE3-E548-4E58-B5DC-51BD0B523A03}.Debug|Any CPU.Build.0 = Debug|Any CPU
		{BEFD9CE3-E548-4E58-B5DC-51BD0B523A03}.Release|Any CPU.ActiveCfg = Release|Any CPU
		{BEFD9CE3-E548-4E58-B5DC-51BD0B523A03}.Release|Any CPU.Build.0 = Release|Any CPU
	EndGlobalSection
	GlobalSection(SolutionProperties) = preSolution
		HideSolutionNode = FALSE
	EndGlobalSection
EndGlobal
